{
  "name": "kronos-agent",
  "version": "1.1.0",
  "lockfileVersion": 3,
  "requires": true,
  "packages": {
    "": {
      "name": "kronos-agent",
      "version": "1.1.0",
      "hasInstallScript": true,
      "license": "MIT",
      "dependencies": {
        "kronos-agent": "github:jaivial/kronos-agent"
      },
      "bin": {
        "kronos-install": "scripts/install.sh",
        "kronos-status": "scripts/status.sh",
        "kronos-uninstall": "scripts/uninstall.sh"
      },
      "engines": {
        "node": ">=18"
      }
    },
    "node_modules/kronos-agent": {
      "version": "1.1.0",
      "resolved": "git+ssh://git@github.com/jaivial/kronos-agent.git#f19ef78bd8633a6cdf0c8a17e83b25f7e65fbc61",
      "hasInstallScript": true,
      "license": "MIT",
      "bin": {
        "kronos-install": "scripts/install.sh",
        "kronos-status": "scripts/status.sh",
        "kronos-uninstall": "scripts/uninstall.sh"
      },
      "engines": {
        "node": ">=18"
      }
    }
  }
}
